# This file is automatically @generated by Cargo.
# It is not intended for manual editing.
version = 3

[[package]]
name = "secondlib"
version = "0.1.0"

[[package]]
name = "wsbin"
version = "0.1.0"
dependencies = [
 "wslib",
]

[[package]]
name = "wslib"
version = "0.1.0"
dependencies = [
 "secondlib",
]
